
Microsoft Visual Studio Solution File, Format Version 12.00
# Visual Studio Version 16
VisualStudioVersion = 16.0.31424.327
MinimumVisualStudioVersion = 10.0.40219.1
Project("{9A19103F-16F7-4668-BE54-9A1E7A4F7556}") = "sdCommon", "sdCommon\sdCommon.csproj", "{5E00859C-AAA6-4A0E-AA80-4FD79CCA47CC}"
EndProject
Project("{9A19103F-16F7-4668-BE54-9A1E7A4F7556}") = "sdDomain", "sdDomain\sdDomain.csproj", "{03845CEB-0695-4E1A-BC18-6D534DC42FB7}"
EndProject
Global
	GlobalSection(SolutionConfigurationPlatforms) = preSolution
		Debug|Any CPU = Debug|Any CPU
		Release|Any CPU = Release|Any CPU
	EndGlobalSection
	GlobalSection(ProjectConfigurationPlatforms) = postSolution
		{5E00859C-AAA6-4A0E-AA80-4FD79CCA47CC}.Debug|Any CPU.ActiveCfg = Debug|Any CPU
		{5E00859C-AAA6-4A0E-AA80-4FD79CCA47CC}.Debug|Any CPU.Build.0 = Debug|Any CPU
		{5E00859C-AAA6-4A0E-AA80-4FD79CCA47CC}.Release|Any CPU.ActiveCfg = Release|Any CPU
		{5E00859C-AAA6-4A0E-AA80-4FD79CCA47CC}.Release|Any CPU.Build.0 = Release|Any CPU
		{03845CEB-0695-4E1A-BC18-6D534DC42FB7}.Debug|Any CPU.ActiveCfg = Debug|Any CPU
		{03845CEB-0695-4E1A-BC18-6D534DC42FB7}.Debug|Any CPU.Build.0 = Debug|Any CPU
		{03845CEB-0695-4E1A-BC18-6D534DC42FB7}.Release|Any CPU.ActiveCfg = Release|Any CPU
		{03845CEB-0695-4E1A-BC18-6D534DC42FB7}.Release|Any CPU.Build.0 = Release|Any CPU
	EndGlobalSection
	GlobalSection(SolutionProperties) = preSolution
		HideSolutionNode = FALSE
	EndGlobalSection
	GlobalSection(ExtensibilityGlobals) = postSolution
		SolutionGuid = {50CD6B64-E4E2-4B19-8390-24AEF45F01B7}
	EndGlobalSection
EndGlobal
